
Microsoft Visual Studio Solution File, Format Version 12.00
# Visual Studio Version 17
VisualStudioVersion = 17.5.33530.505
MinimumVisualStudioVersion = 10.0.40219.1
Project("{FAE04EC0-301F-11D3-BF4B-00C04F79EFBC}") = "AsompTTViewStatus", "AsompTTViewStatus\AsompTTViewStatus.csproj", "{47CAEDAA-A692-4364-A645-7822E4EA8C5C}"
EndProject
Global
	GlobalSection(SolutionConfigurationPlatforms) = preSolution
		Debug|Any CPU = Debug|Any CPU
		Release|Any CPU = Release|Any CPU
	EndGlobalSection
	GlobalSection(ProjectConfigurationPlatforms) = postSolution
		{47CAEDAA-A692-4364-A645-7822E4EA8C5C}.Debug|Any CPU.ActiveCfg = Debug|Any CPU
		{47CAEDAA-A692-4364-A645-7822E4EA8C5C}.Debug|Any CPU.Build.0 = Debug|Any CPU
		{47CAEDAA-A692-4364-A645-7822E4EA8C5C}.Release|Any CPU.ActiveCfg = Release|Any CPU
		{47CAEDAA-A692-4364-A645-7822E4EA8C5C}.Release|Any CPU.Build.0 = Release|Any CPU
	EndGlobalSection
	GlobalSection(SolutionProperties) = preSolution
		HideSolutionNode = FALSE
	EndGlobalSection
	GlobalSection(ExtensibilityGlobals) = postSolution
		SolutionGuid = {D604A5D8-F159-4F34-B10B-B852C017740F}
	EndGlobalSection
EndGlobal
